// !$*UTF8*$!
{
	archiveVersion = 1;
	classes = {
	};
	objectVersion = 50;
	objects = {

/* Begin PBXBuildFile section */
		7404E22221B5131200254B68 /* BabyAddCoordinator.swift in Sources */ = {isa = PBXBuildFile; fileRef = 7404E22121B5131200254B68 /* BabyAddCoordinator.swift */; };
		7404E22621B64A8A00254B68 /* BabyAddViewController.swift in Sources */ = {isa = PBXBuildFile; fileRef = 7404E22421B64A8A00254B68 /* BabyAddViewController.swift */; };
		7404E22721B64A8A00254B68 /* BabyAddViewController.xib in Resources */ = {isa = PBXBuildFile; fileRef = 7404E22521B64A8A00254B68 /* BabyAddViewController.xib */; };
		7404E22F21B64C9F00254B68 /* RegistrationViewControllerDelegate.swift in Sources */ = {isa = PBXBuildFile; fileRef = 7404E22E21B64C9F00254B68 /* RegistrationViewControllerDelegate.swift */; };
		7404E23321B64DB100254B68 /* Default-568h@2x.png in Resources */ = {isa = PBXBuildFile; fileRef = 7404E23221B64DB100254B68 /* Default-568h@2x.png */; };
		7404E23521B64E8F00254B68 /* LoginMethodSelectionViewControllerDelegate.swift in Sources */ = {isa = PBXBuildFile; fileRef = 7404E23421B64E8F00254B68 /* LoginMethodSelectionViewControllerDelegate.swift */; };
		7404E23921B650C100254B68 /* BabyAddCoorindatorEnums.swift in Sources */ = {isa = PBXBuildFile; fileRef = 7404E23821B650C100254B68 /* BabyAddCoorindatorEnums.swift */; };
		749101AC21AD1423008F6545 /* AppDelegate.swift in Sources */ = {isa = PBXBuildFile; fileRef = 749101AB21AD1423008F6545 /* AppDelegate.swift */; };
		749101AE21AD1423008F6545 /* ViewController.swift in Sources */ = {isa = PBXBuildFile; fileRef = 749101AD21AD1423008F6545 /* ViewController.swift */; };
		749101B121AD1423008F6545 /* Main.storyboard in Resources */ = {isa = PBXBuildFile; fileRef = 749101AF21AD1423008F6545 /* Main.storyboard */; };
		749101B321AD1425008F6545 /* Assets.xcassets in Resources */ = {isa = PBXBuildFile; fileRef = 749101B221AD1425008F6545 /* Assets.xcassets */; };
		749101B621AD1425008F6545 /* LaunchScreen.storyboard in Resources */ = {isa = PBXBuildFile; fileRef = 749101B421AD1425008F6545 /* LaunchScreen.storyboard */; };
		749101C121AD1426008F6545 /* ApplicationCoordinatorTests.swift in Sources */ = {isa = PBXBuildFile; fileRef = 749101C021AD1426008F6545 /* ApplicationCoordinatorTests.swift */; };
		749101CC21AD145F008F6545 /* ApplicationCoordinator.swift in Sources */ = {isa = PBXBuildFile; fileRef = 749101CB21AD145F008F6545 /* ApplicationCoordinator.swift */; };
		749101CE21AD1480008F6545 /* NavigationCoordinator.swift in Sources */ = {isa = PBXBuildFile; fileRef = 749101CD21AD1480008F6545 /* NavigationCoordinator.swift */; };
		749101D021AD1506008F6545 /* Coordinator.swift in Sources */ = {isa = PBXBuildFile; fileRef = 749101CF21AD1506008F6545 /* Coordinator.swift */; };
		749101D221AD15FA008F6545 /* Coordinating.swift in Sources */ = {isa = PBXBuildFile; fileRef = 749101D121AD15FA008F6545 /* Coordinating.swift */; };
		749101D421AD19BB008F6545 /* SessionManager.swift in Sources */ = {isa = PBXBuildFile; fileRef = 749101D321AD19BB008F6545 /* SessionManager.swift */; };
		749101D621AD1E2F008F6545 /* MainNavigationController.swift in Sources */ = {isa = PBXBuildFile; fileRef = 749101D521AD1E2F008F6545 /* MainNavigationController.swift */; };
		749101D821AD1F6E008F6545 /* MainAppCoordinator.swift in Sources */ = {isa = PBXBuildFile; fileRef = 749101D721AD1F6E008F6545 /* MainAppCoordinator.swift */; };
		749101DA21AD203A008F6545 /* User.swift in Sources */ = {isa = PBXBuildFile; fileRef = 749101D921AD203A008F6545 /* User.swift */; };
		749101DC21AD2120008F6545 /* LoggedInState.swift in Sources */ = {isa = PBXBuildFile; fileRef = 749101DB21AD2120008F6545 /* LoggedInState.swift */; };
		749101DE21AD2409008F6545 /* UIWindow+Extensions.swift in Sources */ = {isa = PBXBuildFile; fileRef = 749101DD21AD2409008F6545 /* UIWindow+Extensions.swift */; };
		749101E221AD273D008F6545 /* HomeScreenViewController.swift in Sources */ = {isa = PBXBuildFile; fileRef = 749101E021AD273D008F6545 /* HomeScreenViewController.swift */; };
		749101E321AD273D008F6545 /* HomeScreenViewController.xib in Resources */ = {isa = PBXBuildFile; fileRef = 749101E121AD273D008F6545 /* HomeScreenViewController.xib */; };
		749101E821AD27E2008F6545 /* LogInMethodSelectionViewController.swift in Sources */ = {isa = PBXBuildFile; fileRef = 749101E621AD27E2008F6545 /* LogInMethodSelectionViewController.swift */; };
		749101E921AD27E2008F6545 /* LogInMethodSelectionViewController.xib in Resources */ = {isa = PBXBuildFile; fileRef = 749101E721AD27E2008F6545 /* LogInMethodSelectionViewController.xib */; };
		7491021B21AFC5B3008F6545 /* AuthenticationCoordinator.swift in Sources */ = {isa = PBXBuildFile; fileRef = 7491021A21AFC5B3008F6545 /* AuthenticationCoordinator.swift */; };
		7491024D21B106BC008F6545 /* SocialNetworkLoginViewController.swift in Sources */ = {isa = PBXBuildFile; fileRef = 7491024B21B106BC008F6545 /* SocialNetworkLoginViewController.swift */; };
		7491024E21B106BC008F6545 /* SocialNetworkLoginViewController.xib in Resources */ = {isa = PBXBuildFile; fileRef = 7491024C21B106BC008F6545 /* SocialNetworkLoginViewController.xib */; };
		7491025121B106E1008F6545 /* EmailLoginViewController.swift in Sources */ = {isa = PBXBuildFile; fileRef = 7491024F21B106E1008F6545 /* EmailLoginViewController.swift */; };
		7491025221B106E1008F6545 /* EmailLoginViewController.xib in Resources */ = {isa = PBXBuildFile; fileRef = 7491025021B106E1008F6545 /* EmailLoginViewController.xib */; };
		7491025521B106F4008F6545 /* RegistrationViewController.swift in Sources */ = {isa = PBXBuildFile; fileRef = 7491025321B106F4008F6545 /* RegistrationViewController.swift */; };
		7491025621B106F4008F6545 /* RegistrationViewController.xib in Resources */ = {isa = PBXBuildFile; fileRef = 7491025421B106F4008F6545 /* RegistrationViewController.xib */; };
/* End PBXBuildFile section */

/* Begin PBXContainerItemProxy section */
		749101BD21AD1426008F6545 /* PBXContainerItemProxy */ = {
			isa = PBXContainerItemProxy;
			containerPortal = 749101A021AD1423008F6545 /* Project object */;
			proxyType = 1;
			remoteGlobalIDString = 749101A721AD1423008F6545;
			remoteInfo = ApplicationCoordinator;
		};
/* End PBXContainerItemProxy section */

/* Begin PBXFileReference section */
		7404E22121B5131200254B68 /* BabyAddCoordinator.swift */ = {isa = PBXFileReference; lastKnownFileType = sourcecode.swift; path = BabyAddCoordinator.swift; sourceTree = "<group>"; };
		7404E22421B64A8A00254B68 /* BabyAddViewController.swift */ = {isa = PBXFileReference; lastKnownFileType = sourcecode.swift; path = BabyAddViewController.swift; sourceTree = "<group>"; };
		7404E22521B64A8A00254B68 /* BabyAddViewController.xib */ = {isa = PBXFileReference; lastKnownFileType = file.xib; path = BabyAddViewController.xib; sourceTree = "<group>"; };
		7404E22E21B64C9F00254B68 /* RegistrationViewControllerDelegate.swift */ = {isa = PBXFileReference; lastKnownFileType = sourcecode.swift; path = RegistrationViewControllerDelegate.swift; sourceTree = "<group>"; };
		7404E23221B64DB100254B68 /* Default-568h@2x.png */ = {isa = PBXFileReference; lastKnownFileType = image.png; path = "Default-568h@2x.png"; sourceTree = "<group>"; };
		7404E23421B64E8F00254B68 /* LoginMethodSelectionViewControllerDelegate.swift */ = {isa = PBXFileReference; lastKnownFileType = sourcecode.swift; path = LoginMethodSelectionViewControllerDelegate.swift; sourceTree = "<group>"; };
		7404E23821B650C100254B68 /* BabyAddCoorindatorEnums.swift */ = {isa = PBXFileReference; lastKnownFileType = sourcecode.swift; path = BabyAddCoorindatorEnums.swift; sourceTree = "<group>"; };
		749101A821AD1423008F6545 /* ApplicationCoordinator.app */ = {isa = PBXFileReference; explicitFileType = wrapper.application; includeInIndex = 0; path = ApplicationCoordinator.app; sourceTree = BUILT_PRODUCTS_DIR; };
		749101AB21AD1423008F6545 /* AppDelegate.swift */ = {isa = PBXFileReference; lastKnownFileType = sourcecode.swift; path = AppDelegate.swift; sourceTree = "<group>"; };
		749101AD21AD1423008F6545 /* ViewController.swift */ = {isa = PBXFileReference; lastKnownFileType = sourcecode.swift; path = ViewController.swift; sourceTree = "<group>"; };
		749101B021AD1423008F6545 /* Base */ = {isa = PBXFileReference; lastKnownFileType = file.storyboard; name = Base; path = Base.lproj/Main.storyboard; sourceTree = "<group>"; };
		749101B221AD1425008F6545 /* Assets.xcassets */ = {isa = PBXFileReference; lastKnownFileType = folder.assetcatalog; path = Assets.xcassets; sourceTree = "<group>"; };
		749101B521AD1425008F6545 /* Base */ = {isa = PBXFileReference; lastKnownFileType = file.storyboard; name = Base; path = Base.lproj/LaunchScreen.storyboard; sourceTree = "<group>"; };
		749101B721AD1425008F6545 /* Info.plist */ = {isa = PBXFileReference; lastKnownFileType = text.plist.xml; path = Info.plist; sourceTree = "<group>"; };
		749101BC21AD1426008F6545 /* ApplicationCoordinatorTests.xctest */ = {isa = PBXFileReference; explicitFileType = wrapper.cfbundle; includeInIndex = 0; path = ApplicationCoordinatorTests.xctest; sourceTree = BUILT_PRODUCTS_DIR; };
		749101C021AD1426008F6545 /* ApplicationCoordinatorTests.swift */ = {isa = PBXFileReference; lastKnownFileType = sourcecode.swift; path = ApplicationCoordinatorTests.swift; sourceTree = "<group>"; };
		749101C221AD1426008F6545 /* Info.plist */ = {isa = PBXFileReference; lastKnownFileType = text.plist.xml; path = Info.plist; sourceTree = "<group>"; };
		749101CB21AD145F008F6545 /* ApplicationCoordinator.swift */ = {isa = PBXFileReference; lastKnownFileType = sourcecode.swift; path = ApplicationCoordinator.swift; sourceTree = "<group>"; };
		749101CD21AD1480008F6545 /* NavigationCoordinator.swift */ = {isa = PBXFileReference; lastKnownFileType = sourcecode.swift; path = NavigationCoordinator.swift; sourceTree = "<group>"; };
		749101CF21AD1506008F6545 /* Coordinator.swift */ = {isa = PBXFileReference; lastKnownFileType = sourcecode.swift; path = Coordinator.swift; sourceTree = "<group>"; };
		749101D121AD15FA008F6545 /* Coordinating.swift */ = {isa = PBXFileReference; lastKnownFileType = sourcecode.swift; path = Coordinating.swift; sourceTree = "<group>"; };
		749101D321AD19BB008F6545 /* SessionManager.swift */ = {isa = PBXFileReference; lastKnownFileType = sourcecode.swift; path = SessionManager.swift; sourceTree = "<group>"; };
		749101D521AD1E2F008F6545 /* MainNavigationController.swift */ = {isa = PBXFileReference; lastKnownFileType = sourcecode.swift; path = MainNavigationController.swift; sourceTree = "<group>"; };
		749101D721AD1F6E008F6545 /* MainAppCoordinator.swift */ = {isa = PBXFileReference; lastKnownFileType = sourcecode.swift; path = MainAppCoordinator.swift; sourceTree = "<group>"; };
		749101D921AD203A008F6545 /* User.swift */ = {isa = PBXFileReference; lastKnownFileType = sourcecode.swift; path = User.swift; sourceTree = "<group>"; };
		749101DB21AD2120008F6545 /* LoggedInState.swift */ = {isa = PBXFileReference; lastKnownFileType = sourcecode.swift; path = LoggedInState.swift; sourceTree = "<group>"; };
		749101DD21AD2409008F6545 /* UIWindow+Extensions.swift */ = {isa = PBXFileReference; lastKnownFileType = sourcecode.swift; path = "UIWindow+Extensions.swift"; sourceTree = "<group>"; };
		749101E021AD273D008F6545 /* HomeScreenViewController.swift */ = {isa = PBXFileReference; lastKnownFileType = sourcecode.swift; path = HomeScreenViewController.swift; sourceTree = "<group>"; };
		749101E121AD273D008F6545 /* HomeScreenViewController.xib */ = {isa = PBXFileReference; lastKnownFileType = file.xib; path = HomeScreenViewController.xib; sourceTree = "<group>"; };
		749101E621AD27E2008F6545 /* LogInMethodSelectionViewController.swift */ = {isa = PBXFileReference; lastKnownFileType = sourcecode.swift; path = LogInMethodSelectionViewController.swift; sourceTree = "<group>"; };
		749101E721AD27E2008F6545 /* LogInMethodSelectionViewController.xib */ = {isa = PBXFileReference; lastKnownFileType = file.xib; path = LogInMethodSelectionViewController.xib; sourceTree = "<group>"; };
		7491021A21AFC5B3008F6545 /* AuthenticationCoordinator.swift */ = {isa = PBXFileReference; lastKnownFileType = sourcecode.swift; path = AuthenticationCoordinator.swift; sourceTree = "<group>"; };
		7491024B21B106BC008F6545 /* SocialNetworkLoginViewController.swift */ = {isa = PBXFileReference; lastKnownFileType = sourcecode.swift; path = SocialNetworkLoginViewController.swift; sourceTree = "<group>"; };
		7491024C21B106BC008F6545 /* SocialNetworkLoginViewController.xib */ = {isa = PBXFileReference; lastKnownFileType = file.xib; path = SocialNetworkLoginViewController.xib; sourceTree = "<group>"; };
		7491024F21B106E1008F6545 /* EmailLoginViewController.swift */ = {isa = PBXFileReference; lastKnownFileType = sourcecode.swift; path = EmailLoginViewController.swift; sourceTree = "<group>"; };
		7491025021B106E1008F6545 /* EmailLoginViewController.xib */ = {isa = PBXFileReference; lastKnownFileType = file.xib; path = EmailLoginViewController.xib; sourceTree = "<group>"; };
		7491025321B106F4008F6545 /* RegistrationViewController.swift */ = {isa = PBXFileReference; lastKnownFileType = sourcecode.swift; path = RegistrationViewController.swift; sourceTree = "<group>"; };
		7491025421B106F4008F6545 /* RegistrationViewController.xib */ = {isa = PBXFileReference; lastKnownFileType = file.xib; path = RegistrationViewController.xib; sourceTree = "<group>"; };
/* End PBXFileReference section */

/* Begin PBXFrameworksBuildPhase section */
		749101A521AD1423008F6545 /* Frameworks */ = {
			isa = PBXFrameworksBuildPhase;
			buildActionMask = 2147483647;
			files = (
			);
			runOnlyForDeploymentPostprocessing = 0;
		};
		749101B921AD1426008F6545 /* Frameworks */ = {
			isa = PBXFrameworksBuildPhase;
			buildActionMask = 2147483647;
			files = (
			);
			runOnlyForDeploymentPostprocessing = 0;
		};
/* End PBXFrameworksBuildPhase section */

/* Begin PBXGroup section */
		7404E22321B64A6700254B68 /* BabyAddViewController */ = {
			isa = PBXGroup;
			children = (
				7404E22421B64A8A00254B68 /* BabyAddViewController.swift */,
				7404E22521B64A8A00254B68 /* BabyAddViewController.xib */,
			);
			path = BabyAddViewController;
			sourceTree = "<group>";
		};
		7404E22821B64AED00254B68 /* Coordinators */ = {
			isa = PBXGroup;
			children = (
				749101CB21AD145F008F6545 /* ApplicationCoordinator.swift */,
				749101CD21AD1480008F6545 /* NavigationCoordinator.swift */,
				749101D721AD1F6E008F6545 /* MainAppCoordinator.swift */,
				7491021A21AFC5B3008F6545 /* AuthenticationCoordinator.swift */,
				7404E22121B5131200254B68 /* BabyAddCoordinator.swift */,
			);
			path = Coordinators;
			sourceTree = "<group>";
		};
		7404E22921B64B1E00254B68 /* Extensions */ = {
			isa = PBXGroup;
			children = (
				749101DD21AD2409008F6545 /* UIWindow+Extensions.swift */,
			);
			path = Extensions;
			sourceTree = "<group>";
		};
		7404E22A21B64B3F00254B68 /* xCodeInitialFiles */ = {
			isa = PBXGroup;
			children = (
				749101AB21AD1423008F6545 /* AppDelegate.swift */,
				749101AD21AD1423008F6545 /* ViewController.swift */,
				749101AF21AD1423008F6545 /* Main.storyboard */,
				749101B221AD1425008F6545 /* Assets.xcassets */,
				749101B421AD1425008F6545 /* LaunchScreen.storyboard */,
				749101B721AD1425008F6545 /* Info.plist */,
			);
			path = xCodeInitialFiles;
			sourceTree = "<group>";
		};
		7404E22B21B64BCE00254B68 /* Enums */ = {
			isa = PBXGroup;
			children = (
				7404E23A21B650E700254B68 /* Global */,
				7404E23621B6500700254B68 /* Class */,
			);
			path = Enums;
			sourceTree = "<group>";
		};
		7404E22C21B64BFC00254B68 /* Models */ = {
			isa = PBXGroup;
			children = (
				749101D921AD203A008F6545 /* User.swift */,
			);
			path = Models;
			sourceTree = "<group>";
		};
		7404E22D21B64C1700254B68 /* Protocols */ = {
			isa = PBXGroup;
			children = (
				749101D121AD15FA008F6545 /* Coordinating.swift */,
				7404E22E21B64C9F00254B68 /* RegistrationViewControllerDelegate.swift */,
				7404E23421B64E8F00254B68 /* LoginMethodSelectionViewControllerDelegate.swift */,
			);
			path = Protocols;
			sourceTree = "<group>";
		};
		7404E23621B6500700254B68 /* Class */ = {
			isa = PBXGroup;
			children = (
				7404E23821B650C100254B68 /* BabyAddCoorindatorEnums.swift */,
			);
			path = Class;
			sourceTree = "<group>";
		};
		7404E23A21B650E700254B68 /* Global */ = {
			isa = PBXGroup;
			children = (
				749101DB21AD2120008F6545 /* LoggedInState.swift */,
			);
			path = Global;
			sourceTree = "<group>";
		};
		7491019F21AD1423008F6545 = {
			isa = PBXGroup;
			children = (
				7404E23221B64DB100254B68 /* Default-568h@2x.png */,
				749101AA21AD1423008F6545 /* ApplicationCoordinator */,
				749101BF21AD1426008F6545 /* ApplicationCoordinatorTests */,
				749101A921AD1423008F6545 /* Products */,
			);
			sourceTree = "<group>";
		};
		749101A921AD1423008F6545 /* Products */ = {
			isa = PBXGroup;
			children = (
				749101A821AD1423008F6545 /* ApplicationCoordinator.app */,
				749101BC21AD1426008F6545 /* ApplicationCoordinatorTests.xctest */,
			);
			name = Products;
			sourceTree = "<group>";
		};
		749101AA21AD1423008F6545 /* ApplicationCoordinator */ = {
			isa = PBXGroup;
			children = (
				7404E22A21B64B3F00254B68 /* xCodeInitialFiles */,
				7404E22921B64B1E00254B68 /* Extensions */,
				7404E22B21B64BCE00254B68 /* Enums */,
				7404E22C21B64BFC00254B68 /* Models */,
				7404E22D21B64C1700254B68 /* Protocols */,
				7404E22821B64AED00254B68 /* Coordinators */,
				749101DF21AD2717008F6545 /* ViewControllers */,
				749101CF21AD1506008F6545 /* Coordinator.swift */,
				749101D321AD19BB008F6545 /* SessionManager.swift */,
				749101D521AD1E2F008F6545 /* MainNavigationController.swift */,
			);
			path = ApplicationCoordinator;
			sourceTree = "<group>";
		};
		749101BF21AD1426008F6545 /* ApplicationCoordinatorTests */ = {
			isa = PBXGroup;
			children = (
				749101C021AD1426008F6545 /* ApplicationCoordinatorTests.swift */,
				749101C221AD1426008F6545 /* Info.plist */,
			);
			path = ApplicationCoordinatorTests;
			sourceTree = "<group>";
		};
		749101DF21AD2717008F6545 /* ViewControllers */ = {
			isa = PBXGroup;
			children = (
				7404E22321B64A6700254B68 /* BabyAddViewController */,
				7491024821B104EB008F6545 /* SocialNetworkLoginViewController */,
				7491024921B10600008F6545 /* EmailLoginViewController */,
				7491024A21B1068A008F6545 /* RegistrationViewController */,
				749101E521AD274E008F6545 /* LogInMethodSelectionViewController */,
				749101E421AD2742008F6545 /* HomeScreenViewController */,
			);
			path = ViewControllers;
			sourceTree = "<group>";
		};
		749101E421AD2742008F6545 /* HomeScreenViewController */ = {
			isa = PBXGroup;
			children = (
				749101E021AD273D008F6545 /* HomeScreenViewController.swift */,
				749101E121AD273D008F6545 /* HomeScreenViewController.xib */,
			);
			path = HomeScreenViewController;
			sourceTree = "<group>";
		};
		749101E521AD274E008F6545 /* LogInMethodSelectionViewController */ = {
			isa = PBXGroup;
			children = (
				749101E621AD27E2008F6545 /* LogInMethodSelectionViewController.swift */,
				749101E721AD27E2008F6545 /* LogInMethodSelectionViewController.xib */,
			);
			path = LogInMethodSelectionViewController;
			sourceTree = "<group>";
		};
		7491024821B104EB008F6545 /* SocialNetworkLoginViewController */ = {
			isa = PBXGroup;
			children = (
				7491024B21B106BC008F6545 /* SocialNetworkLoginViewController.swift */,
				7491024C21B106BC008F6545 /* SocialNetworkLoginViewController.xib */,
			);
			path = SocialNetworkLoginViewController;
			sourceTree = "<group>";
		};
		7491024921B10600008F6545 /* EmailLoginViewController */ = {
			isa = PBXGroup;
			children = (
				7491024F21B106E1008F6545 /* EmailLoginViewController.swift */,
				7491025021B106E1008F6545 /* EmailLoginViewController.xib */,
			);
			path = EmailLoginViewController;
			sourceTree = "<group>";
		};
		7491024A21B1068A008F6545 /* RegistrationViewController */ = {
			isa = PBXGroup;
			children = (
				7491025321B106F4008F6545 /* RegistrationViewController.swift */,
				7491025421B106F4008F6545 /* RegistrationViewController.xib */,
			);
			path = RegistrationViewController;
			sourceTree = "<group>";
		};
/* End PBXGroup section */

/* Begin PBXNativeTarget section */
		749101A721AD1423008F6545 /* ApplicationCoordinator */ = {
			isa = PBXNativeTarget;
			buildConfigurationList = 749101C521AD1426008F6545 /* Build configuration list for PBXNativeTarget "ApplicationCoordinator" */;
			buildPhases = (
				749101A421AD1423008F6545 /* Sources */,
				749101A521AD1423008F6545 /* Frameworks */,
				749101A621AD1423008F6545 /* Resources */,
			);
			buildRules = (
			);
			dependencies = (
			);
			name = ApplicationCoordinator;
			productName = ApplicationCoordinator;
			productReference = 749101A821AD1423008F6545 /* ApplicationCoordinator.app */;
			productType = "com.apple.product-type.application";
		};
		749101BB21AD1426008F6545 /* ApplicationCoordinatorTests */ = {
			isa = PBXNativeTarget;
			buildConfigurationList = 749101C821AD1426008F6545 /* Build configuration list for PBXNativeTarget "ApplicationCoordinatorTests" */;
			buildPhases = (
				749101B821AD1426008F6545 /* Sources */,
				749101B921AD1426008F6545 /* Frameworks */,
				749101BA21AD1426008F6545 /* Resources */,
			);
			buildRules = (
			);
			dependencies = (
				749101BE21AD1426008F6545 /* PBXTargetDependency */,
			);
			name = ApplicationCoordinatorTests;
			productName = ApplicationCoordinatorTests;
			productReference = 749101BC21AD1426008F6545 /* ApplicationCoordinatorTests.xctest */;
			productType = "com.apple.product-type.bundle.unit-test";
		};
/* End PBXNativeTarget section */

/* Begin PBXProject section */
		749101A021AD1423008F6545 /* Project object */ = {
			isa = PBXProject;
			attributes = {
				LastSwiftUpdateCheck = 1010;
				LastUpgradeCheck = 1010;
				ORGANIZATIONNAME = "Milos Dimic";
				TargetAttributes = {
					749101A721AD1423008F6545 = {
						CreatedOnToolsVersion = 10.1;
					};
					749101BB21AD1426008F6545 = {
						CreatedOnToolsVersion = 10.1;
						TestTargetID = 749101A721AD1423008F6545;
					};
				};
			};
			buildConfigurationList = 749101A321AD1423008F6545 /* Build configuration list for PBXProject "ApplicationCoordinator" */;
			compatibilityVersion = "Xcode 9.3";
			developmentRegion = en;
			hasScannedForEncodings = 0;
			knownRegions = (
				en,
				Base,
			);
			mainGroup = 7491019F21AD1423008F6545;
			productRefGroup = 749101A921AD1423008F6545 /* Products */;
			projectDirPath = "";
			projectRoot = "";
			targets = (
				749101A721AD1423008F6545 /* ApplicationCoordinator */,
				749101BB21AD1426008F6545 /* ApplicationCoordinatorTests */,
			);
		};
/* End PBXProject section */

/* Begin PBXResourcesBuildPhase section */
		749101A621AD1423008F6545 /* Resources */ = {
			isa = PBXResourcesBuildPhase;
			buildActionMask = 2147483647;
			files = (
				7491025221B106E1008F6545 /* EmailLoginViewController.xib in Resources */,
				749101B621AD1425008F6545 /* LaunchScreen.storyboard in Resources */,
				749101E321AD273D008F6545 /* HomeScreenViewController.xib in Resources */,
				7404E23321B64DB100254B68 /* Default-568h@2x.png in Resources */,
				749101B321AD1425008F6545 /* Assets.xcassets in Resources */,
				749101B121AD1423008F6545 /* Main.storyboard in Resources */,
				7491024E21B106BC008F6545 /* SocialNetworkLoginViewController.xib in Resources */,
				7404E22721B64A8A00254B68 /* BabyAddViewController.xib in Resources */,
				7491025621B106F4008F6545 /* RegistrationViewController.xib in Resources */,
				749101E921AD27E2008F6545 /* LogInMethodSelectionViewController.xib in Resources */,
			);
			runOnlyForDeploymentPostprocessing = 0;
		};
		749101BA21AD1426008F6545 /* Resources */ = {
			isa = PBXResourcesBuildPhase;
			buildActionMask = 2147483647;
			files = (
			);
			runOnlyForDeploymentPostprocessing = 0;
		};
/* End PBXResourcesBuildPhase section */

/* Begin PBXSourcesBuildPhase section */
		749101A421AD1423008F6545 /* Sources */ = {
			isa = PBXSourcesBuildPhase;
			buildActionMask = 2147483647;
			files = (
				749101AE21AD1423008F6545 /* ViewController.swift in Sources */,
				749101AC21AD1423008F6545 /* AppDelegate.swift in Sources */,
				749101D621AD1E2F008F6545 /* MainNavigationController.swift in Sources */,
				749101D021AD1506008F6545 /* Coordinator.swift in Sources */,
				7404E23921B650C100254B68 /* BabyAddCoorindatorEnums.swift in Sources */,
				749101E221AD273D008F6545 /* HomeScreenViewController.swift in Sources */,
				749101CE21AD1480008F6545 /* NavigationCoordinator.swift in Sources */,
				7491025521B106F4008F6545 /* RegistrationViewController.swift in Sources */,
				7491021B21AFC5B3008F6545 /* AuthenticationCoordinator.swift in Sources */,
				749101D221AD15FA008F6545 /* Coordinating.swift in Sources */,
				749101CC21AD145F008F6545 /* ApplicationCoordinator.swift in Sources */,
				749101D821AD1F6E008F6545 /* MainAppCoordinator.swift in Sources */,
				7404E22221B5131200254B68 /* BabyAddCoordinator.swift in Sources */,
				7404E22621B64A8A00254B68 /* BabyAddViewController.swift in Sources */,
				749101DA21AD203A008F6545 /* User.swift in Sources */,
				749101E821AD27E2008F6545 /* LogInMethodSelectionViewController.swift in Sources */,
				7491025121B106E1008F6545 /* EmailLoginViewController.swift in Sources */,
				749101DE21AD2409008F6545 /* UIWindow+Extensions.swift in Sources */,
				749101D421AD19BB008F6545 /* SessionManager.swift in Sources */,
				7491024D21B106BC008F6545 /* SocialNetworkLoginViewController.swift in Sources */,
				749101DC21AD2120008F6545 /* LoggedInState.swift in Sources */,
				7404E22F21B64C9F00254B68 /* RegistrationViewControllerDelegate.swift in Sources */,
				7404E23521B64E8F00254B68 /* LoginMethodSelectionViewControllerDelegate.swift in Sources */,
			);
			runOnlyForDeploymentPostprocessing = 0;
		};
		749101B821AD1426008F6545 /* Sources */ = {
			isa = PBXSourcesBuildPhase;
			buildActionMask = 2147483647;
			files = (
				749101C121AD1426008F6545 /* ApplicationCoordinatorTests.swift in Sources */,
			);
			runOnlyForDeploymentPostprocessing = 0;
		};
/* End PBXSourcesBuildPhase section */

/* Begin PBXTargetDependency section */
		749101BE21AD1426008F6545 /* PBXTargetDependency */ = {
			isa = PBXTargetDependency;
			target = 749101A721AD1423008F6545 /* ApplicationCoordinator */;
			targetProxy = 749101BD21AD1426008F6545 /* PBXContainerItemProxy */;
		};
/* End PBXTargetDependency section */

/* Begin PBXVariantGroup section */
		749101AF21AD1423008F6545 /* Main.storyboard */ = {
			isa = PBXVariantGroup;
			children = (
				749101B021AD1423008F6545 /* Base */,
			);
			name = Main.storyboard;
			sourceTree = "<group>";
		};
		749101B421AD1425008F6545 /* LaunchScreen.storyboard */ = {
			isa = PBXVariantGroup;
			children = (
				749101B521AD1425008F6545 /* Base */,
			);
			name = LaunchScreen.storyboard;
			sourceTree = "<group>";
		};
/* End PBXVariantGroup section */

/* Begin XCBuildConfiguration section */
		749101C321AD1426008F6545 /* Debug */ = {
			isa = XCBuildConfiguration;
			buildSettings = {
				ALWAYS_SEARCH_USER_PATHS = NO;
				CLANG_ANALYZER_NONNULL = YES;
				CLANG_ANALYZER_NUMBER_OBJECT_CONVERSION = YES_AGGRESSIVE;
				CLANG_CXX_LANGUAGE_STANDARD = "gnu++14";
				CLANG_CXX_LIBRARY = "libc++";
				CLANG_ENABLE_MODULES = YES;
				CLANG_ENABLE_OBJC_ARC = YES;
				CLANG_ENABLE_OBJC_WEAK = YES;
				CLANG_WARN_BLOCK_CAPTURE_AUTORELEASING = YES;
				CLANG_WARN_BOOL_CONVERSION = YES;
				CLANG_WARN_COMMA = YES;
				CLANG_WARN_CONSTANT_CONVERSION = YES;
				CLANG_WARN_DEPRECATED_OBJC_IMPLEMENTATIONS = YES;
				CLANG_WARN_DIRECT_OBJC_ISA_USAGE = YES_ERROR;
				CLANG_WARN_DOCUMENTATION_COMMENTS = YES;
				CLANG_WARN_EMPTY_BODY = YES;
				CLANG_WARN_ENUM_CONVERSION = YES;
				CLANG_WARN_INFINITE_RECURSION = YES;
				CLANG_WARN_INT_CONVERSION = YES;
				CLANG_WARN_NON_LITERAL_NULL_CONVERSION = YES;
				CLANG_WARN_OBJC_IMPLICIT_RETAIN_SELF = YES;
				CLANG_WARN_OBJC_LITERAL_CONVERSION = YES;
				CLANG_WARN_OBJC_ROOT_CLASS = YES_ERROR;
				CLANG_WARN_RANGE_LOOP_ANALYSIS = YES;
				CLANG_WARN_STRICT_PROTOTYPES = YES;
				CLANG_WARN_SUSPICIOUS_MOVE = YES;
				CLANG_WARN_UNGUARDED_AVAILABILITY = YES_AGGRESSIVE;
				CLANG_WARN_UNREACHABLE_CODE = YES;
				CLANG_WARN__DUPLICATE_METHOD_MATCH = YES;
				CODE_SIGN_IDENTITY = "iPhone Developer";
				COPY_PHASE_STRIP = NO;
				DEBUG_INFORMATION_FORMAT = dwarf;
				ENABLE_STRICT_OBJC_MSGSEND = YES;
				ENABLE_TESTABILITY = YES;
				GCC_C_LANGUAGE_STANDARD = gnu11;
				GCC_DYNAMIC_NO_PIC = NO;
				GCC_NO_COMMON_BLOCKS = YES;
				GCC_OPTIMIZATION_LEVEL = 0;
				GCC_PREPROCESSOR_DEFINITIONS = (
					"DEBUG=1",
					"$(inherited)",
				);
				GCC_WARN_64_TO_32_BIT_CONVERSION = YES;
				GCC_WARN_ABOUT_RETURN_TYPE = YES_ERROR;
				GCC_WARN_UNDECLARED_SELECTOR = YES;
				GCC_WARN_UNINITIALIZED_AUTOS = YES_AGGRESSIVE;
				GCC_WARN_UNUSED_FUNCTION = YES;
				GCC_WARN_UNUSED_VARIABLE = YES;
				IPHONEOS_DEPLOYMENT_TARGET = 12.1;
				MTL_ENABLE_DEBUG_INFO = INCLUDE_SOURCE;
				MTL_FAST_MATH = YES;
				ONLY_ACTIVE_ARCH = YES;
				SDKROOT = iphoneos;
				SWIFT_ACTIVE_COMPILATION_CONDITIONS = DEBUG;
				SWIFT_OPTIMIZATION_LEVEL = "-Onone";
			};
			name = Debug;
		};
		749101C421AD1426008F6545 /* Release */ = {
			isa = XCBuildConfiguration;
			buildSettings = {
				ALWAYS_SEARCH_USER_PATHS = NO;
				CLANG_ANALYZER_NONNULL = YES;
				CLANG_ANALYZER_NUMBER_OBJECT_CONVERSION = YES_AGGRESSIVE;
				CLANG_CXX_LANGUAGE_STANDARD = "gnu++14";
				CLANG_CXX_LIBRARY = "libc++";
				CLANG_ENABLE_MODULES = YES;
				CLANG_ENABLE_OBJC_ARC = YES;
				CLANG_ENABLE_OBJC_WEAK = YES;
				CLANG_WARN_BLOCK_CAPTURE_AUTORELEASING = YES;
				CLANG_WARN_BOOL_CONVERSION = YES;
				CLANG_WARN_COMMA = YES;
				CLANG_WARN_CONSTANT_CONVERSION = YES;
				CLANG_WARN_DEPRECATED_OBJC_IMPLEMENTATIONS = YES;
				CLANG_WARN_DIRECT_OBJC_ISA_USAGE = YES_ERROR;
				CLANG_WARN_DOCUMENTATION_COMMENTS = YES;
				CLANG_WARN_EMPTY_BODY = YES;
				CLANG_WARN_ENUM_CONVERSION = YES;
				CLANG_WARN_INFINITE_RECURSION = YES;
				CLANG_WARN_INT_CONVERSION = YES;
				CLANG_WARN_NON_LITERAL_NULL_CONVERSION = YES;
				CLANG_WARN_OBJC_IMPLICIT_RETAIN_SELF = YES;
				CLANG_WARN_OBJC_LITERAL_CONVERSION = YES;
				CLANG_WARN_OBJC_ROOT_CLASS = YES_ERROR;
				CLANG_WARN_RANGE_LOOP_ANALYSIS = YES;
				CLANG_WARN_STRICT_PROTOTYPES = YES;
				CLANG_WARN_SUSPICIOUS_MOVE = YES;
				CLANG_WARN_UNGUARDED_AVAILABILITY = YES_AGGRESSIVE;
				CLANG_WARN_UNREACHABLE_CODE = YES;
				CLANG_WARN__DUPLICATE_METHOD_MATCH = YES;
				CODE_SIGN_IDENTITY = "iPhone Developer";
				COPY_PHASE_STRIP = NO;
				DEBUG_INFORMATION_FORMAT = "dwarf-with-dsym";
				ENABLE_NS_ASSERTIONS = NO;
				ENABLE_STRICT_OBJC_MSGSEND = YES;
				GCC_C_LANGUAGE_STANDARD = gnu11;
				GCC_NO_COMMON_BLOCKS = YES;
				GCC_WARN_64_TO_32_BIT_CONVERSION = YES;
				GCC_WARN_ABOUT_RETURN_TYPE = YES_ERROR;
				GCC_WARN_UNDECLARED_SELECTOR = YES;
				GCC_WARN_UNINITIALIZED_AUTOS = YES_AGGRESSIVE;
				GCC_WARN_UNUSED_FUNCTION = YES;
				GCC_WARN_UNUSED_VARIABLE = YES;
				IPHONEOS_DEPLOYMENT_TARGET = 12.1;
				MTL_ENABLE_DEBUG_INFO = NO;
				MTL_FAST_MATH = YES;
				SDKROOT = iphoneos;
				SWIFT_COMPILATION_MODE = wholemodule;
				SWIFT_OPTIMIZATION_LEVEL = "-O";
				VALIDATE_PRODUCT = YES;
			};
			name = Release;
		};
		749101C621AD1426008F6545 /* Debug */ = {
			isa = XCBuildConfiguration;
			buildSettings = {
				ASSETCATALOG_COMPILER_APPICON_NAME = AppIcon;
				CODE_SIGN_STYLE = Automatic;
				DEVELOPMENT_TEAM = K442TLVK77;
				INFOPLIST_FILE = "$(SRCROOT)/ApplicationCoordinator/xCodeInitialFiles/Info.plist";
				LD_RUNPATH_SEARCH_PATHS = (
					"$(inherited)",
					"@executable_path/Frameworks",
				);
				PRODUCT_BUNDLE_IDENTIFIER = nukleusSoft.ApplicationCoordinator;
				PRODUCT_NAME = "$(TARGET_NAME)";
				SWIFT_VERSION = 4.2;
				TARGETED_DEVICE_FAMILY = "1,2";
			};
			name = Debug;
		};
		749101C721AD1426008F6545 /* Release */ = {
			isa = XCBuildConfiguration;
			buildSettings = {
				ASSETCATALOG_COMPILER_APPICON_NAME = AppIcon;
				CODE_SIGN_STYLE = Automatic;
				DEVELOPMENT_TEAM = K442TLVK77;
				INFOPLIST_FILE = "$(SRCROOT)/ApplicationCoordinator/xCodeInitialFiles/Info.plist";
				LD_RUNPATH_SEARCH_PATHS = (
					"$(inherited)",
					"@executable_path/Frameworks",
				);
				PRODUCT_BUNDLE_IDENTIFIER = nukleusSoft.ApplicationCoordinator;
				PRODUCT_NAME = "$(TARGET_NAME)";
				SWIFT_VERSION = 4.2;
				TARGETED_DEVICE_FAMILY = "1,2";
			};
			name = Release;
		};
		749101C921AD1426008F6545 /* Debug */ = {
			isa = XCBuildConfiguration;
			buildSettings = {
				ALWAYS_EMBED_SWIFT_STANDARD_LIBRARIES = YES;
				BUNDLE_LOADER = "$(TEST_HOST)";
				CODE_SIGN_STYLE = Automatic;
				DEVELOPMENT_TEAM = K442TLVK77;
				INFOPLIST_FILE = ApplicationCoordinatorTests/Info.plist;
				LD_RUNPATH_SEARCH_PATHS = (
					"$(inherited)",
					"@executable_path/Frameworks",
					"@loader_path/Frameworks",
				);
				PRODUCT_BUNDLE_IDENTIFIER = nukleusSoft.ApplicationCoordinatorTests;
				PRODUCT_NAME = "$(TARGET_NAME)";
				SWIFT_VERSION = 4.2;
				TARGETED_DEVICE_FAMILY = "1,2";
				TEST_HOST = "$(BUILT_PRODUCTS_DIR)/ApplicationCoordinator.app/ApplicationCoordinator";
			};
			name = Debug;
		};
		749101CA21AD1426008F6545 /* Release */ = {
			isa = XCBuildConfiguration;
			buildSettings = {
				ALWAYS_EMBED_SWIFT_STANDARD_LIBRARIES = YES;
				BUNDLE_LOADER = "$(TEST_HOST)";
				CODE_SIGN_STYLE = Automatic;
				DEVELOPMENT_TEAM = K442TLVK77;
				INFOPLIST_FILE = ApplicationCoordinatorTests/Info.plist;
				LD_RUNPATH_SEARCH_PATHS = (
					"$(inherited)",
					"@executable_path/Frameworks",
					"@loader_path/Frameworks",
				);
				PRODUCT_BUNDLE_IDENTIFIER = nukleusSoft.ApplicationCoordinatorTests;
				PRODUCT_NAME = "$(TARGET_NAME)";
				SWIFT_VERSION = 4.2;
				TARGETED_DEVICE_FAMILY = "1,2";
				TEST_HOST = "$(BUILT_PRODUCTS_DIR)/ApplicationCoordinator.app/ApplicationCoordinator";
			};
			name = Release;
		};
/* End XCBuildConfiguration section */

/* Begin XCConfigurationList section */
		749101A321AD1423008F6545 /* Build configuration list for PBXProject "ApplicationCoordinator" */ = {
			isa = XCConfigurationList;
			buildConfigurations = (
				749101C321AD1426008F6545 /* Debug */,
				749101C421AD1426008F6545 /* Release */,
			);
			defaultConfigurationIsVisible = 0;
			defaultConfigurationName = Release;
		};
		749101C521AD1426008F6545 /* Build configuration list for PBXNativeTarget "ApplicationCoordinator" */ = {
			isa = XCConfigurationList;
			buildConfigurations = (
				749101C621AD1426008F6545 /* Debug */,
				749101C721AD1426008F6545 /* Release */,
			);
			defaultConfigurationIsVisible = 0;
			defaultConfigurationName = Release;
		};
		749101C821AD1426008F6545 /* Build configuration list for PBXNativeTarget "ApplicationCoordinatorTests" */ = {
			isa = XCConfigurationList;
			buildConfigurations = (
				749101C921AD1426008F6545 /* Debug */,
				749101CA21AD1426008F6545 /* Release */,
			);
			defaultConfigurationIsVisible = 0;
			defaultConfigurationName = Release;
		};
/* End XCConfigurationList section */
	};
	rootObject = 749101A021AD1423008F6545 /* Project object */;
}
